{
  "requires": true,
  "lockfileVersion": 1,
  "dependencies": {
    "countup.js": {
      "version": "2.0.7",
      "resolved": "https://registry.npmjs.org/countup.js/-/countup.js-2.0.7.tgz",
      "integrity": "sha512-FO0nQdvG1iQwHp28wdvkErxnNUSbdkzztqZ6YNHKLHydngD2tdiKEW8dFrqpahF3tj+Ma70h0vyYrCBzxlVWdg=="
    },
    "jquery": {
      "version": "3.5.1",
      "resolved": "https://registry.npmjs.org/jquery/-/jquery-3.5.1.tgz",
      "integrity": "sha512-XwIBPqcMn57FxfT+Go5pzySnm4KWkT1Tv7gjrpT1srtf8Weynl6R273VJ5GjkRb51IzMp5nbaPjJXMWeju2MKg=="
    },
    "jquery.countup.js": {
      "version": "1.0.1",
      "resolved": "https://registry.npmjs.org/jquery.countup.js/-/jquery.countup.js-1.0.1.tgz",
      "integrity": "sha1-BSfAHwcRc55HLP0tLS/9Nqs4Xws=",
      "requires": {
        "jquery": "^3.1.1",
        "waypoints": "^4.0.1"
      }
    },
    "number-rollup": {
      "version": "1.1.0",
      "resolved": "https://registry.npmjs.org/number-rollup/-/number-rollup-1.1.0.tgz",
      "integrity": "sha512-+YpBEjF2Cskf2n6Npe+Kle1AqRv/J06hTlixOJbvRbfa3Z417+xq1vyPR1yjwjEKv26SjSIsuP/qB4ud2n7VeA=="
    },
    "owl.carousel": {
      "version": "2.3.4",
      "resolved": "https://registry.npmjs.org/owl.carousel/-/owl.carousel-2.3.4.tgz",
      "integrity": "sha512-JaDss9+feAvEW8KZppPSpllfposEzQiW+Ytt/Xm5t/3CTJ7YVmkh6RkWixoA2yXk2boIwedYxOvrrppIGzru9A==",
      "requires": {
        "jquery": ">=1.8.3"
      }
    },
    "waypoints": {
      "version": "4.0.1",
      "resolved": "https://registry.npmjs.org/waypoints/-/waypoints-4.0.1.tgz",
      "integrity": "sha1-CZeaBXOBCylifLpDZqKEoGLsacg="
    }
  }
}
